
Microsoft Visual Studio Solution File, Format Version 12.00
# Visual Studio Version 16
VisualStudioVersion = 16.0.32106.194
MinimumVisualStudioVersion = 10.0.40219.1
Project("{FAE04EC0-301F-11D3-BF4B-00C04F79EFBC}") = "MicrosoftGraphSecurityApi", "MicrosoftGraphSecurityApi\MicrosoftGraphSecurityApi.csproj", "{DBE3209E-9A05-44FE-88F5-E5E1A02EA7DB}"
EndProject
Global
	GlobalSection(SolutionConfigurationPlatforms) = preSolution
		Debug|Any CPU = Debug|Any CPU
		Release|Any CPU = Release|Any CPU
	EndGlobalSection
	GlobalSection(ProjectConfigurationPlatforms) = postSolution
		{DBE3209E-9A05-44FE-88F5-E5E1A02EA7DB}.Debug|Any CPU.ActiveCfg = Debug|Any CPU
		{DBE3209E-9A05-44FE-88F5-E5E1A02EA7DB}.Debug|Any CPU.Build.0 = Debug|Any CPU
		{DBE3209E-9A05-44FE-88F5-E5E1A02EA7DB}.Release|Any CPU.ActiveCfg = Release|Any CPU
		{DBE3209E-9A05-44FE-88F5-E5E1A02EA7DB}.Release|Any CPU.Build.0 = Release|Any CPU
	EndGlobalSection
	GlobalSection(SolutionProperties) = preSolution
		HideSolutionNode = FALSE
	EndGlobalSection
	GlobalSection(ExtensibilityGlobals) = postSolution
		SolutionGuid = {793AC44B-858C-40FE-8451-0AB23A761AF6}
	EndGlobalSection
EndGlobal
